{
    "_readme": [
        "This file locks the dependencies of your project to a known state",
        "Read more about it at https://getcomposer.org/doc/01-basic-usage.md#installing-dependencies",
        "This file is @generated automatically"
    ],
    "content-hash": "7bfc0fca49ea2e19bcb91f8f3eb7b66d",
    "packages": [
        {
            "name": "ptlinked/ptlinked-plugin",
            "version": "v1.0.2",
            "source": {
                "type": "git",
                "url": "https://github.com/PTLINKED/ptlinked-plugin.git",
                "reference": "e91d3241cfd7affd2cce707748fd5f1cb51b5208"
            },
            "dist": {
                "type": "zip",
                "url": "https://api.github.com/repos/PTLINKED/ptlinked-plugin/zipball/e91d3241cfd7affd2cce707748fd5f1cb51b5208",
                "reference": "e91d3241cfd7affd2cce707748fd5f1cb51b5208",
                "shasum": ""
            },
            "type": "component",
            "extra": {
                "component": {
                    "scripts": [
                        "dist/jquery-ptlinked_plugin.min.js"
                    ],
                    "files": [
                        "dist/jquery-ptlinked_plugin.js",
                        "dist/jquery-ptlinked_plugin.min.js",
                        "dist/ptlinked_plugin.min.css",
                        "dist/ptlinked_plugin.css"
                    ]
                }
            },
            "description": "jQuery PTLINKED Exercise Library Plugin",
            "homepage": "http://www.www.ptlinked.com/",
            "support": {
                "source": "https://github.com/PTLINKED/ptlinked-plugin/tree/v1.0.2",
                "issues": "https://github.com/PTLINKED/ptlinked-plugin/issues"
            },
            "time": "2021-02-09T20:46:59+00:00"
        }
    ],
    "packages-dev": [],
    "aliases": [],
    "minimum-stability": "stable",
    "stability-flags": [],
    "prefer-stable": false,
    "prefer-lowest": false,
    "platform": [],
    "platform-dev": [],
    "plugin-api-version": "2.0.0"
}
